# THIS IS AN AUTOGENERATED FILE. DO NOT EDIT THIS FILE DIRECTLY.
assets/asset-manifest.json.liquid:
  production: 2018-09-22T14:36:06-04:00   9490e916a5ab2c4b71e68c1983ba74c6
assets/favicon.ico:
  production: 2018-09-22T15:38:12-04:00   c92b85a5b907c70211f4ec25e29a8c4a
assets/infobys.jpg:
  production: 2018-09-22T15:38:25-04:00   1b8226bba4ce207e64afa3a666dfa1a9
assets/logo.svg:
  production: 2018-09-22T14:36:08-04:00   5d5d9eefa31e5e13a6610d9fa7a283bb
assets/main.css.liquid:
  production: 2018-09-22T14:35:55-04:00   c17080f1bc3facf94059cf09c2efbf3a
assets/main.js.liquid:
  production: 2018-09-22T14:36:11-04:00   d4a14b4e65e40120803d01a018a2eff0
assets/manifest.json.liquid:
  production: 2018-09-22T13:54:59-04:00   49104f409892a8de53cd19a770262464
assets/service-worker.js.liquid:
  production: 2018-09-22T16:19:08-04:00   ea957f4c70d65e3c0658f0acd51e3b7b
config/settings_data.json:
  production: 2018-09-22T16:12:43-04:00   99914b932bd37a50b983c5e7c90ae93b
config/settings_schema.json:
  production: 2018-09-22T16:11:46-04:00   1a4add73ca68c79a092a52cfb5bf467c
layout/password.liquid:
  production: 2018-06-15T09:55:27-04:00   33633e5bb77c086ac3dc468153bcea2e
layout/theme.liquid:
  production: 2018-09-22T16:19:07-04:00   b6bdc7d09e41ff90ac041218b9a494f5
templates/404.liquid:
  production: 2018-09-22T01:00:08-04:00   62abbc4ceacb678b702ba8e58e760312
templates/article.liquid:
  production: 2018-09-22T01:00:09-04:00   62abbc4ceacb678b702ba8e58e760312
templates/blog.liquid:
  production: 2018-09-22T01:00:11-04:00   62abbc4ceacb678b702ba8e58e760312
templates/cart.liquid:
  production: 2018-09-22T01:00:03-04:00   62abbc4ceacb678b702ba8e58e760312
templates/collection.liquid:
  production: 2018-09-22T01:00:00-04:00   62abbc4ceacb678b702ba8e58e760312
templates/customers/account.liquid:
  production: 2018-09-22T01:00:09-04:00   62abbc4ceacb678b702ba8e58e760312
templates/customers/activate_account.liquid:
  production: 2018-09-22T01:00:01-04:00   62abbc4ceacb678b702ba8e58e760312
templates/customers/addresses.liquid:
  production: 2018-09-22T01:00:04-04:00   62abbc4ceacb678b702ba8e58e760312
templates/customers/login.liquid:
  production: 2018-09-22T00:59:58-04:00   62abbc4ceacb678b702ba8e58e760312
templates/customers/order.liquid:
  production: 2018-09-22T01:00:03-04:00   62abbc4ceacb678b702ba8e58e760312
templates/customers/register.liquid:
  production: 2018-09-22T01:00:06-04:00   62abbc4ceacb678b702ba8e58e760312
templates/customers/reset_password.liquid:
  production: 2018-09-22T01:00:02-04:00   62abbc4ceacb678b702ba8e58e760312
templates/gift_card.liquid:
  production: 2018-09-22T01:00:05-04:00   62abbc4ceacb678b702ba8e58e760312
templates/index.liquid:
  production: 2018-09-22T01:00:00-04:00   62abbc4ceacb678b702ba8e58e760312
templates/list-collections.liquid:
  production: 2018-09-22T01:00:06-04:00   62abbc4ceacb678b702ba8e58e760312
templates/page.contact.liquid:
  production: 2018-09-22T01:00:07-04:00   62abbc4ceacb678b702ba8e58e760312
templates/page.liquid:
  production: 2018-09-22T01:00:00-04:00   62abbc4ceacb678b702ba8e58e760312
templates/password.liquid:
  production: 2018-09-22T02:27:24-04:00   6765e20225709efe11aae6cc3eb4ba06
templates/product.liquid:
  production: 2018-09-22T01:00:05-04:00   62abbc4ceacb678b702ba8e58e760312
templates/search.liquid:
  production: 2018-09-22T01:00:07-04:00   62abbc4ceacb678b702ba8e58e760312
